
Microsoft Visual Studio Solution File, Format Version 12.00
Project("{FAE04EC0-301F-11D3-BF4B-00C04F79EFBC}") = "ETLProject.console", "ETLProject.console\ETLProject.console.csproj", "{0DF67278-20F2-4B8F-99DA-79F8353F913B}"
EndProject
Global
	GlobalSection(SolutionConfigurationPlatforms) = preSolution
		Debug|Any CPU = Debug|Any CPU
		Release|Any CPU = Release|Any CPU
	EndGlobalSection
	GlobalSection(ProjectConfigurationPlatforms) = postSolution
		{0DF67278-20F2-4B8F-99DA-79F8353F913B}.Debug|Any CPU.ActiveCfg = Debug|Any CPU
		{0DF67278-20F2-4B8F-99DA-79F8353F913B}.Debug|Any CPU.Build.0 = Debug|Any CPU
		{0DF67278-20F2-4B8F-99DA-79F8353F913B}.Release|Any CPU.ActiveCfg = Release|Any CPU
		{0DF67278-20F2-4B8F-99DA-79F8353F913B}.Release|Any CPU.Build.0 = Release|Any CPU
	EndGlobalSection
EndGlobal
